
Microsoft Visual Studio Solution File, Format Version 12.00
# Visual Studio Version 17
VisualStudioVersion = 17.7.34031.279
MinimumVisualStudioVersion = 10.0.40219.1
Project("{FAE04EC0-301F-11D3-BF4B-00C04F79EFBC}") = "WpfAppParagraph", "WpfAppParagraph.csproj", "{C94CE859-77C1-4C03-82C6-5F6D0ABA84F4}"
EndProject
Global
	GlobalSection(SolutionConfigurationPlatforms) = preSolution
		Debug|Any CPU = Debug|Any CPU
		Release|Any CPU = Release|Any CPU
	EndGlobalSection
	GlobalSection(ProjectConfigurationPlatforms) = postSolution
		{C94CE859-77C1-4C03-82C6-5F6D0ABA84F4}.Debug|Any CPU.ActiveCfg = Debug|Any CPU
		{C94CE859-77C1-4C03-82C6-5F6D0ABA84F4}.Debug|Any CPU.Build.0 = Debug|Any CPU
		{C94CE859-77C1-4C03-82C6-5F6D0ABA84F4}.Release|Any CPU.ActiveCfg = Release|Any CPU
		{C94CE859-77C1-4C03-82C6-5F6D0ABA84F4}.Release|Any CPU.Build.0 = Release|Any CPU
	EndGlobalSection
	GlobalSection(SolutionProperties) = preSolution
		HideSolutionNode = FALSE
	EndGlobalSection
	GlobalSection(ExtensibilityGlobals) = postSolution
		SolutionGuid = {14422981-33A3-49AC-80FB-C48CFCD31558}
	EndGlobalSection
EndGlobal
